# THIS IS AN AUTOGENERATED FILE. DO NOT EDIT THIS FILE DIRECTLY.
# yarn lockfile v1


"@remix-run/router@1.10.0":
  version "1.10.0"
  resolved "https://registry.yarnpkg.com/@remix-run/router/-/router-1.10.0.tgz#e2170dc2049b06e65bbe883adad0e8ddf8291278"
  integrity sha512-Lm+fYpMfZoEucJ7cMxgt4dYt8jLfbpwRCzAjm9UgSLOkmlqo9gupxt6YX3DY0Fk155NT9l17d/ydi+964uS9Lw==

react-router-dom@^6.17.0:
  version "6.17.0"
  resolved "https://registry.yarnpkg.com/react-router-dom/-/react-router-dom-6.17.0.tgz#ea73f89186546c1cf72b10fcb7356d874321b2ad"
  integrity sha512-qWHkkbXQX+6li0COUUPKAUkxjNNqPJuiBd27dVwQGDNsuFBdMbrS6UZ0CLYc4CsbdLYTckn4oB4tGDuPZpPhaQ==
  dependencies:
    "@remix-run/router" "1.10.0"
    react-router "6.17.0"

react-router@6.17.0:
  version "6.17.0"
  resolved "https://registry.yarnpkg.com/react-router/-/react-router-6.17.0.tgz#7b680c4cefbc425b57537eb9c73bedecbdc67c1e"
  integrity sha512-YJR3OTJzi3zhqeJYADHANCGPUu9J+6fT5GLv82UWRGSxu6oJYCKVmxUcaBQuGm9udpWmPsvpme/CdHumqgsoaA==
  dependencies:
    "@remix-run/router" "1.10.0"
